// !$*UTF8*$!
{
	archiveVersion = 1;
	classes = {
	};
	objectVersion = 56;
	objects = {

/* Begin PBXBuildFile section */
		5D005AC82ACD4988002E28AA /* AppDelegate.swift in Sources */ = {isa = PBXBuildFile; fileRef = 5D005AC72ACD4988002E28AA /* AppDelegate.swift */; };
		5D005ACA2ACD4988002E28AA /* SceneDelegate.swift in Sources */ = {isa = PBXBuildFile; fileRef = 5D005AC92ACD4988002E28AA /* SceneDelegate.swift */; };
		5D005AD12ACD4989002E28AA /* Assets.xcassets in Resources */ = {isa = PBXBuildFile; fileRef = 5D005AD02ACD4989002E28AA /* Assets.xcassets */; };
		5D005AD42ACD4989002E28AA /* LaunchScreen.storyboard in Resources */ = {isa = PBXBuildFile; fileRef = 5D005AD22ACD4989002E28AA /* LaunchScreen.storyboard */; };
		5D005ADE2ACD4B1B002E28AA /* CharacterModel.swift in Sources */ = {isa = PBXBuildFile; fileRef = 5D005ADD2ACD4B1B002E28AA /* CharacterModel.swift */; };
		5D639F842ACDACB3001B33F1 /* SplashViewController.swift in Sources */ = {isa = PBXBuildFile; fileRef = 5D639F822ACDACB3001B33F1 /* SplashViewController.swift */; };
		5D639F852ACDACB3001B33F1 /* SplashViewController.xib in Resources */ = {isa = PBXBuildFile; fileRef = 5D639F832ACDACB3001B33F1 /* SplashViewController.xib */; };
		5D639F8B2ACDB25B001B33F1 /* SplashViewModel.swift in Sources */ = {isa = PBXBuildFile; fileRef = 5D639F8A2ACDB25B001B33F1 /* SplashViewModel.swift */; };
		5D639F8E2ACDBA2B001B33F1 /* HomeTableViewController.swift in Sources */ = {isa = PBXBuildFile; fileRef = 5D639F8C2ACDBA2B001B33F1 /* HomeTableViewController.swift */; };
		5D639F8F2ACDBA2B001B33F1 /* HomeTableViewController.xib in Resources */ = {isa = PBXBuildFile; fileRef = 5D639F8D2ACDBA2B001B33F1 /* HomeTableViewController.xib */; };
		5D639F942ACDD017001B33F1 /* HomeViewModel.swift in Sources */ = {isa = PBXBuildFile; fileRef = 5D639F932ACDD017001B33F1 /* HomeViewModel.swift */; };
		5D639F992ACDD04B001B33F1 /* HomeCellTableViewCell.swift in Sources */ = {isa = PBXBuildFile; fileRef = 5D639F972ACDD04B001B33F1 /* HomeCellTableViewCell.swift */; };
		5D639F9A2ACDD04B001B33F1 /* HomeCellTableViewCell.xib in Resources */ = {isa = PBXBuildFile; fileRef = 5D639F982ACDD04B001B33F1 /* HomeCellTableViewCell.xib */; };
		5DF69CEC2ACF2FA70067F58A /* DetailViewController.swift in Sources */ = {isa = PBXBuildFile; fileRef = 5DF69CEA2ACF2FA70067F58A /* DetailViewController.swift */; };
		5DF69CED2ACF2FA70067F58A /* DetailViewController.xib in Resources */ = {isa = PBXBuildFile; fileRef = 5DF69CEB2ACF2FA70067F58A /* DetailViewController.xib */; };
/* End PBXBuildFile section */

/* Begin PBXFileReference section */
		5D005AC42ACD4988002E28AA /* AppPatronesDaniel.app */ = {isa = PBXFileReference; explicitFileType = wrapper.application; includeInIndex = 0; path = AppPatronesDaniel.app; sourceTree = BUILT_PRODUCTS_DIR; };
		5D005AC72ACD4988002E28AA /* AppDelegate.swift */ = {isa = PBXFileReference; lastKnownFileType = sourcecode.swift; path = AppDelegate.swift; sourceTree = "<group>"; };
		5D005AC92ACD4988002E28AA /* SceneDelegate.swift */ = {isa = PBXFileReference; lastKnownFileType = sourcecode.swift; path = SceneDelegate.swift; sourceTree = "<group>"; };
		5D005AD02ACD4989002E28AA /* Assets.xcassets */ = {isa = PBXFileReference; lastKnownFileType = folder.assetcatalog; path = Assets.xcassets; sourceTree = "<group>"; };
		5D005AD32ACD4989002E28AA /* Base */ = {isa = PBXFileReference; lastKnownFileType = file.storyboard; name = Base; path = Base.lproj/LaunchScreen.storyboard; sourceTree = "<group>"; };
		5D005AD52ACD4989002E28AA /* Info.plist */ = {isa = PBXFileReference; lastKnownFileType = text.plist.xml; path = Info.plist; sourceTree = "<group>"; };
		5D005ADD2ACD4B1B002E28AA /* CharacterModel.swift */ = {isa = PBXFileReference; lastKnownFileType = sourcecode.swift; path = CharacterModel.swift; sourceTree = "<group>"; };
		5D639F822ACDACB3001B33F1 /* SplashViewController.swift */ = {isa = PBXFileReference; lastKnownFileType = sourcecode.swift; path = SplashViewController.swift; sourceTree = "<group>"; };
		5D639F832ACDACB3001B33F1 /* SplashViewController.xib */ = {isa = PBXFileReference; lastKnownFileType = file.xib; path = SplashViewController.xib; sourceTree = "<group>"; };
		5D639F8A2ACDB25B001B33F1 /* SplashViewModel.swift */ = {isa = PBXFileReference; lastKnownFileType = sourcecode.swift; path = SplashViewModel.swift; sourceTree = "<group>"; };
		5D639F8C2ACDBA2B001B33F1 /* HomeTableViewController.swift */ = {isa = PBXFileReference; lastKnownFileType = sourcecode.swift; path = HomeTableViewController.swift; sourceTree = "<group>"; };
		5D639F8D2ACDBA2B001B33F1 /* HomeTableViewController.xib */ = {isa = PBXFileReference; lastKnownFileType = file.xib; path = HomeTableViewController.xib; sourceTree = "<group>"; };
		5D639F932ACDD017001B33F1 /* HomeViewModel.swift */ = {isa = PBXFileReference; lastKnownFileType = sourcecode.swift; path = HomeViewModel.swift; sourceTree = "<group>"; };
		5D639F972ACDD04B001B33F1 /* HomeCellTableViewCell.swift */ = {isa = PBXFileReference; lastKnownFileType = sourcecode.swift; path = HomeCellTableViewCell.swift; sourceTree = "<group>"; };
		5D639F982ACDD04B001B33F1 /* HomeCellTableViewCell.xib */ = {isa = PBXFileReference; lastKnownFileType = file.xib; path = HomeCellTableViewCell.xib; sourceTree = "<group>"; };
		5DF69CEA2ACF2FA70067F58A /* DetailViewController.swift */ = {isa = PBXFileReference; lastKnownFileType = sourcecode.swift; path = DetailViewController.swift; sourceTree = "<group>"; };
		5DF69CEB2ACF2FA70067F58A /* DetailViewController.xib */ = {isa = PBXFileReference; lastKnownFileType = file.xib; path = DetailViewController.xib; sourceTree = "<group>"; };
/* End PBXFileReference section */

/* Begin PBXFrameworksBuildPhase section */
		5D005AC12ACD4988002E28AA /* Frameworks */ = {
			isa = PBXFrameworksBuildPhase;
			buildActionMask = 2147483647;
			files = (
			);
			runOnlyForDeploymentPostprocessing = 0;
		};
/* End PBXFrameworksBuildPhase section */

/* Begin PBXGroup section */
		5D005ABB2ACD4988002E28AA = {
			isa = PBXGroup;
			children = (
				5D005AC62ACD4988002E28AA /* AppPatronesDaniel */,
				5D005AC52ACD4988002E28AA /* Products */,
			);
			sourceTree = "<group>";
		};
		5D005AC52ACD4988002E28AA /* Products */ = {
			isa = PBXGroup;
			children = (
				5D005AC42ACD4988002E28AA /* AppPatronesDaniel.app */,
			);
			name = Products;
			sourceTree = "<group>";
		};
		5D005AC62ACD4988002E28AA /* AppPatronesDaniel */ = {
			isa = PBXGroup;
			children = (
				5D005AD52ACD4989002E28AA /* Info.plist */,
				5D639F7B2ACDA8AE001B33F1 /* App */,
				5D639F7C2ACDA8D4001B33F1 /* Resources */,
				5D005ADB2ACD4B07002E28AA /* Domain */,
				5D639F7D2ACDA8FB001B33F1 /* UI */,
			);
			path = AppPatronesDaniel;
			sourceTree = "<group>";
		};
		5D005ADB2ACD4B07002E28AA /* Domain */ = {
			isa = PBXGroup;
			children = (
				5D005ADC2ACD4B0C002E28AA /* Models */,
			);
			path = Domain;
			sourceTree = "<group>";
		};
		5D005ADC2ACD4B0C002E28AA /* Models */ = {
			isa = PBXGroup;
			children = (
				5D005ADD2ACD4B1B002E28AA /* CharacterModel.swift */,
			);
			path = Models;
			sourceTree = "<group>";
		};
		5D639F7B2ACDA8AE001B33F1 /* App */ = {
			isa = PBXGroup;
			children = (
				5D005AC72ACD4988002E28AA /* AppDelegate.swift */,
				5D005AC92ACD4988002E28AA /* SceneDelegate.swift */,
			);
			path = App;
			sourceTree = "<group>";
		};
		5D639F7C2ACDA8D4001B33F1 /* Resources */ = {
			isa = PBXGroup;
			children = (
				5D005AD02ACD4989002E28AA /* Assets.xcassets */,
			);
			path = Resources;
			sourceTree = "<group>";
		};
		5D639F7D2ACDA8FB001B33F1 /* UI */ = {
			isa = PBXGroup;
			children = (
				5D639F862ACDAD7A001B33F1 /* LaunchScreen */,
				5D639F7E2ACDA90C001B33F1 /* Splash */,
				5D639F7F2ACDA917001B33F1 /* Home */,
				5D639F802ACDA91F001B33F1 /* Detail */,
			);
			path = UI;
			sourceTree = "<group>";
		};
		5D639F7E2ACDA90C001B33F1 /* Splash */ = {
			isa = PBXGroup;
			children = (
				5D639F872ACDAD82001B33F1 /* View */,
				5D639F882ACDAD88001B33F1 /* Controller */,
				5D639F892ACDAD92001B33F1 /* ViewModel */,
			);
			path = Splash;
			sourceTree = "<group>";
		};
		5D639F7F2ACDA917001B33F1 /* Home */ = {
			isa = PBXGroup;
			children = (
				5D639F812ACDA93D001B33F1 /* Cell */,
				5D639F922ACDBB02001B33F1 /* View */,
				5D639F912ACDBAFC001B33F1 /* Controller */,
				5D639F902ACDBAF5001B33F1 /* ViewModel */,
			);
			path = Home;
			sourceTree = "<group>";
		};
		5D639F802ACDA91F001B33F1 /* Detail */ = {
			isa = PBXGroup;
			children = (
				5DF69CE92ACF2F6F0067F58A /* View */,
				5DF69CE82ACF2F680067F58A /* Controller */,
				5DF69CE72ACF2F570067F58A /* ViewModel */,
			);
			path = Detail;
			sourceTree = "<group>";
		};
		5D639F812ACDA93D001B33F1 /* Cell */ = {
			isa = PBXGroup;
			children = (
				5D639F972ACDD04B001B33F1 /* HomeCellTableViewCell.swift */,
				5D639F982ACDD04B001B33F1 /* HomeCellTableViewCell.xib */,
			);
			path = Cell;
			sourceTree = "<group>";
		};
		5D639F862ACDAD7A001B33F1 /* LaunchScreen */ = {
			isa = PBXGroup;
			children = (
				5D005AD22ACD4989002E28AA /* LaunchScreen.storyboard */,
			);
			path = LaunchScreen;
			sourceTree = "<group>";
		};
		5D639F872ACDAD82001B33F1 /* View */ = {
			isa = PBXGroup;
			children = (
				5D639F832ACDACB3001B33F1 /* SplashViewController.xib */,
			);
			path = View;
			sourceTree = "<group>";
		};
		5D639F882ACDAD88001B33F1 /* Controller */ = {
			isa = PBXGroup;
			children = (
				5D639F822ACDACB3001B33F1 /* SplashViewController.swift */,
			);
			path = Controller;
			sourceTree = "<group>";
		};
		5D639F892ACDAD92001B33F1 /* ViewModel */ = {
			isa = PBXGroup;
			children = (
				5D639F8A2ACDB25B001B33F1 /* SplashViewModel.swift */,
			);
			path = ViewModel;
			sourceTree = "<group>";
		};
		5D639F902ACDBAF5001B33F1 /* ViewModel */ = {
			isa = PBXGroup;
			children = (
				5D639F932ACDD017001B33F1 /* HomeViewModel.swift */,
			);
			path = ViewModel;
			sourceTree = "<group>";
		};
		5D639F912ACDBAFC001B33F1 /* Controller */ = {
			isa = PBXGroup;
			children = (
				5D639F8C2ACDBA2B001B33F1 /* HomeTableViewController.swift */,
			);
			path = Controller;
			sourceTree = "<group>";
		};
		5D639F922ACDBB02001B33F1 /* View */ = {
			isa = PBXGroup;
			children = (
				5D639F8D2ACDBA2B001B33F1 /* HomeTableViewController.xib */,
			);
			path = View;
			sourceTree = "<group>";
		};
		5DF69CE72ACF2F570067F58A /* ViewModel */ = {
			isa = PBXGroup;
			children = (
			);
			path = ViewModel;
			sourceTree = "<group>";
		};
		5DF69CE82ACF2F680067F58A /* Controller */ = {
			isa = PBXGroup;
			children = (
				5DF69CEA2ACF2FA70067F58A /* DetailViewController.swift */,
			);
			path = Controller;
			sourceTree = "<group>";
		};
		5DF69CE92ACF2F6F0067F58A /* View */ = {
			isa = PBXGroup;
			children = (
				5DF69CEB2ACF2FA70067F58A /* DetailViewController.xib */,
			);
			path = View;
			sourceTree = "<group>";
		};
/* End PBXGroup section */

/* Begin PBXNativeTarget section */
		5D005AC32ACD4988002E28AA /* AppPatronesDaniel */ = {
			isa = PBXNativeTarget;
			buildConfigurationList = 5D005AD82ACD4989002E28AA /* Build configuration list for PBXNativeTarget "AppPatronesDaniel" */;
			buildPhases = (
				5D005AC02ACD4988002E28AA /* Sources */,
				5D005AC12ACD4988002E28AA /* Frameworks */,
				5D005AC22ACD4988002E28AA /* Resources */,
			);
			buildRules = (
			);
			dependencies = (
			);
			name = AppPatronesDaniel;
			productName = AppPatronesDaniel;
			productReference = 5D005AC42ACD4988002E28AA /* AppPatronesDaniel.app */;
			productType = "com.apple.product-type.application";
		};
/* End PBXNativeTarget section */

/* Begin PBXProject section */
		5D005ABC2ACD4988002E28AA /* Project object */ = {
			isa = PBXProject;
			attributes = {
				BuildIndependentTargetsInParallel = 1;
				LastSwiftUpdateCheck = 1500;
				LastUpgradeCheck = 1500;
				TargetAttributes = {
					5D005AC32ACD4988002E28AA = {
						CreatedOnToolsVersion = 15.0;
					};
				};
			};
			buildConfigurationList = 5D005ABF2ACD4988002E28AA /* Build configuration list for PBXProject "AppPatronesDaniel" */;
			compatibilityVersion = "Xcode 14.0";
			developmentRegion = en;
			hasScannedForEncodings = 0;
			knownRegions = (
				en,
				Base,
			);
			mainGroup = 5D005ABB2ACD4988002E28AA;
			productRefGroup = 5D005AC52ACD4988002E28AA /* Products */;
			projectDirPath = "";
			projectRoot = "";
			targets = (
				5D005AC32ACD4988002E28AA /* AppPatronesDaniel */,
			);
		};
/* End PBXProject section */

/* Begin PBXResourcesBuildPhase section */
		5D005AC22ACD4988002E28AA /* Resources */ = {
			isa = PBXResourcesBuildPhase;
			buildActionMask = 2147483647;
			files = (
				5D639F8F2ACDBA2B001B33F1 /* HomeTableViewController.xib in Resources */,
				5DF69CED2ACF2FA70067F58A /* DetailViewController.xib in Resources */,
				5D005AD42ACD4989002E28AA /* LaunchScreen.storyboard in Resources */,
				5D639F852ACDACB3001B33F1 /* SplashViewController.xib in Resources */,
				5D639F9A2ACDD04B001B33F1 /* HomeCellTableViewCell.xib in Resources */,
				5D005AD12ACD4989002E28AA /* Assets.xcassets in Resources */,
			);
			runOnlyForDeploymentPostprocessing = 0;
		};
/* End PBXResourcesBuildPhase section */

/* Begin PBXSourcesBuildPhase section */
		5D005AC02ACD4988002E28AA /* Sources */ = {
			isa = PBXSourcesBuildPhase;
			buildActionMask = 2147483647;
			files = (
				5DF69CEC2ACF2FA70067F58A /* DetailViewController.swift in Sources */,
				5D639F8E2ACDBA2B001B33F1 /* HomeTableViewController.swift in Sources */,
				5D639F8B2ACDB25B001B33F1 /* SplashViewModel.swift in Sources */,
				5D639F942ACDD017001B33F1 /* HomeViewModel.swift in Sources */,
				5D005ADE2ACD4B1B002E28AA /* CharacterModel.swift in Sources */,
				5D005AC82ACD4988002E28AA /* AppDelegate.swift in Sources */,
				5D005ACA2ACD4988002E28AA /* SceneDelegate.swift in Sources */,
				5D639F992ACDD04B001B33F1 /* HomeCellTableViewCell.swift in Sources */,
				5D639F842ACDACB3001B33F1 /* SplashViewController.swift in Sources */,
			);
			runOnlyForDeploymentPostprocessing = 0;
		};
/* End PBXSourcesBuildPhase section */

/* Begin PBXVariantGroup section */
		5D005AD22ACD4989002E28AA /* LaunchScreen.storyboard */ = {
			isa = PBXVariantGroup;
			children = (
				5D005AD32ACD4989002E28AA /* Base */,
			);
			name = LaunchScreen.storyboard;
			sourceTree = "<group>";
		};
/* End PBXVariantGroup section */

/* Begin XCBuildConfiguration section */
		5D005AD62ACD4989002E28AA /* Debug */ = {
			isa = XCBuildConfiguration;
			buildSettings = {
				ALWAYS_SEARCH_USER_PATHS = NO;
				ASSETCATALOG_COMPILER_GENERATE_SWIFT_ASSET_SYMBOL_EXTENSIONS = YES;
				CLANG_ANALYZER_NONNULL = YES;
				CLANG_ANALYZER_NUMBER_OBJECT_CONVERSION = YES_AGGRESSIVE;
				CLANG_CXX_LANGUAGE_STANDARD = "gnu++20";
				CLANG_ENABLE_MODULES = YES;
				CLANG_ENABLE_OBJC_ARC = YES;
				CLANG_ENABLE_OBJC_WEAK = YES;
				CLANG_WARN_BLOCK_CAPTURE_AUTORELEASING = YES;
				CLANG_WARN_BOOL_CONVERSION = YES;
				CLANG_WARN_COMMA = YES;
				CLANG_WARN_CONSTANT_CONVERSION = YES;
				CLANG_WARN_DEPRECATED_OBJC_IMPLEMENTATIONS = YES;
				CLANG_WARN_DIRECT_OBJC_ISA_USAGE = YES_ERROR;
				CLANG_WARN_DOCUMENTATION_COMMENTS = YES;
				CLANG_WARN_EMPTY_BODY = YES;
				CLANG_WARN_ENUM_CONVERSION = YES;
				CLANG_WARN_INFINITE_RECURSION = YES;
				CLANG_WARN_INT_CONVERSION = YES;
				CLANG_WARN_NON_LITERAL_NULL_CONVERSION = YES;
				CLANG_WARN_OBJC_IMPLICIT_RETAIN_SELF = YES;
				CLANG_WARN_OBJC_LITERAL_CONVERSION = YES;
				CLANG_WARN_OBJC_ROOT_CLASS = YES_ERROR;
				CLANG_WARN_QUOTED_INCLUDE_IN_FRAMEWORK_HEADER = YES;
				CLANG_WARN_RANGE_LOOP_ANALYSIS = YES;
				CLANG_WARN_STRICT_PROTOTYPES = YES;
				CLANG_WARN_SUSPICIOUS_MOVE = YES;
				CLANG_WARN_UNGUARDED_AVAILABILITY = YES_AGGRESSIVE;
				CLANG_WARN_UNREACHABLE_CODE = YES;
				CLANG_WARN__DUPLICATE_METHOD_MATCH = YES;
				COPY_PHASE_STRIP = NO;
				DEBUG_INFORMATION_FORMAT = dwarf;
				ENABLE_STRICT_OBJC_MSGSEND = YES;
				ENABLE_TESTABILITY = YES;
				ENABLE_USER_SCRIPT_SANDBOXING = YES;
				GCC_C_LANGUAGE_STANDARD = gnu17;
				GCC_DYNAMIC_NO_PIC = NO;
				GCC_NO_COMMON_BLOCKS = YES;
				GCC_OPTIMIZATION_LEVEL = 0;
				GCC_PREPROCESSOR_DEFINITIONS = (
					"DEBUG=1",
					"$(inherited)",
				);
				GCC_WARN_64_TO_32_BIT_CONVERSION = YES;
				GCC_WARN_ABOUT_RETURN_TYPE = YES_ERROR;
				GCC_WARN_UNDECLARED_SELECTOR = YES;
				GCC_WARN_UNINITIALIZED_AUTOS = YES_AGGRESSIVE;
				GCC_WARN_UNUSED_FUNCTION = YES;
				GCC_WARN_UNUSED_VARIABLE = YES;
				IPHONEOS_DEPLOYMENT_TARGET = 17.0;
				LOCALIZATION_PREFERS_STRING_CATALOGS = YES;
				MTL_ENABLE_DEBUG_INFO = INCLUDE_SOURCE;
				MTL_FAST_MATH = YES;
				ONLY_ACTIVE_ARCH = YES;
				SDKROOT = iphoneos;
				SWIFT_ACTIVE_COMPILATION_CONDITIONS = "DEBUG $(inherited)";
				SWIFT_OPTIMIZATION_LEVEL = "-Onone";
			};
			name = Debug;
		};
		5D005AD72ACD4989002E28AA /* Release */ = {
			isa = XCBuildConfiguration;
			buildSettings = {
				ALWAYS_SEARCH_USER_PATHS = NO;
				ASSETCATALOG_COMPILER_GENERATE_SWIFT_ASSET_SYMBOL_EXTENSIONS = YES;
				CLANG_ANALYZER_NONNULL = YES;
				CLANG_ANALYZER_NUMBER_OBJECT_CONVERSION = YES_AGGRESSIVE;
				CLANG_CXX_LANGUAGE_STANDARD = "gnu++20";
				CLANG_ENABLE_MODULES = YES;
				CLANG_ENABLE_OBJC_ARC = YES;
				CLANG_ENABLE_OBJC_WEAK = YES;
				CLANG_WARN_BLOCK_CAPTURE_AUTORELEASING = YES;
				CLANG_WARN_BOOL_CONVERSION = YES;
				CLANG_WARN_COMMA = YES;
				CLANG_WARN_CONSTANT_CONVERSION = YES;
				CLANG_WARN_DEPRECATED_OBJC_IMPLEMENTATIONS = YES;
				CLANG_WARN_DIRECT_OBJC_ISA_USAGE = YES_ERROR;
				CLANG_WARN_DOCUMENTATION_COMMENTS = YES;
				CLANG_WARN_EMPTY_BODY = YES;
				CLANG_WARN_ENUM_CONVERSION = YES;
				CLANG_WARN_INFINITE_RECURSION = YES;
				CLANG_WARN_INT_CONVERSION = YES;
				CLANG_WARN_NON_LITERAL_NULL_CONVERSION = YES;
				CLANG_WARN_OBJC_IMPLICIT_RETAIN_SELF = YES;
				CLANG_WARN_OBJC_LITERAL_CONVERSION = YES;
				CLANG_WARN_OBJC_ROOT_CLASS = YES_ERROR;
				CLANG_WARN_QUOTED_INCLUDE_IN_FRAMEWORK_HEADER = YES;
				CLANG_WARN_RANGE_LOOP_ANALYSIS = YES;
				CLANG_WARN_STRICT_PROTOTYPES = YES;
				CLANG_WARN_SUSPICIOUS_MOVE = YES;
				CLANG_WARN_UNGUARDED_AVAILABILITY = YES_AGGRESSIVE;
				CLANG_WARN_UNREACHABLE_CODE = YES;
				CLANG_WARN__DUPLICATE_METHOD_MATCH = YES;
				COPY_PHASE_STRIP = NO;
				DEBUG_INFORMATION_FORMAT = "dwarf-with-dsym";
				ENABLE_NS_ASSERTIONS = NO;
				ENABLE_STRICT_OBJC_MSGSEND = YES;
				ENABLE_USER_SCRIPT_SANDBOXING = YES;
				GCC_C_LANGUAGE_STANDARD = gnu17;
				GCC_NO_COMMON_BLOCKS = YES;
				GCC_WARN_64_TO_32_BIT_CONVERSION = YES;
				GCC_WARN_ABOUT_RETURN_TYPE = YES_ERROR;
				GCC_WARN_UNDECLARED_SELECTOR = YES;
				GCC_WARN_UNINITIALIZED_AUTOS = YES_AGGRESSIVE;
				GCC_WARN_UNUSED_FUNCTION = YES;
				GCC_WARN_UNUSED_VARIABLE = YES;
				IPHONEOS_DEPLOYMENT_TARGET = 17.0;
				LOCALIZATION_PREFERS_STRING_CATALOGS = YES;
				MTL_ENABLE_DEBUG_INFO = NO;
				MTL_FAST_MATH = YES;
				SDKROOT = iphoneos;
				SWIFT_COMPILATION_MODE = wholemodule;
				VALIDATE_PRODUCT = YES;
			};
			name = Release;
		};
		5D005AD92ACD4989002E28AA /* Debug */ = {
			isa = XCBuildConfiguration;
			buildSettings = {
				ASSETCATALOG_COMPILER_APPICON_NAME = AppIcon;
				ASSETCATALOG_COMPILER_GLOBAL_ACCENT_COLOR_NAME = AccentColor;
				CODE_SIGN_STYLE = Automatic;
				CURRENT_PROJECT_VERSION = 1;
				DEVELOPMENT_TEAM = 9GK3478S4Z;
				GENERATE_INFOPLIST_FILE = YES;
				INFOPLIST_FILE = AppPatronesDaniel/Info.plist;
				INFOPLIST_KEY_UIApplicationSupportsIndirectInputEvents = YES;
				INFOPLIST_KEY_UILaunchStoryboardName = LaunchScreen;
				INFOPLIST_KEY_UISupportedInterfaceOrientations_iPad = "UIInterfaceOrientationPortrait UIInterfaceOrientationPortraitUpsideDown UIInterfaceOrientationLandscapeLeft UIInterfaceOrientationLandscapeRight";
				INFOPLIST_KEY_UISupportedInterfaceOrientations_iPhone = "UIInterfaceOrientationPortrait UIInterfaceOrientationLandscapeLeft UIInterfaceOrientationLandscapeRight";
				LD_RUNPATH_SEARCH_PATHS = (
					"$(inherited)",
					"@executable_path/Frameworks",
				);
				MARKETING_VERSION = 1.0;
				PRODUCT_BUNDLE_IDENTIFIER = com.DanielCazorro.AppPatronesDaniel;
				PRODUCT_NAME = "$(TARGET_NAME)";
				SWIFT_EMIT_LOC_STRINGS = YES;
				SWIFT_VERSION = 5.0;
				TARGETED_DEVICE_FAMILY = "1,2";
			};
			name = Debug;
		};
		5D005ADA2ACD4989002E28AA /* Release */ = {
			isa = XCBuildConfiguration;
			buildSettings = {
				ASSETCATALOG_COMPILER_APPICON_NAME = AppIcon;
				ASSETCATALOG_COMPILER_GLOBAL_ACCENT_COLOR_NAME = AccentColor;
				CODE_SIGN_STYLE = Automatic;
				CURRENT_PROJECT_VERSION = 1;
				DEVELOPMENT_TEAM = 9GK3478S4Z;
				GENERATE_INFOPLIST_FILE = YES;
				INFOPLIST_FILE = AppPatronesDaniel/Info.plist;
				INFOPLIST_KEY_UIApplicationSupportsIndirectInputEvents = YES;
				INFOPLIST_KEY_UILaunchStoryboardName = LaunchScreen;
				INFOPLIST_KEY_UISupportedInterfaceOrientations_iPad = "UIInterfaceOrientationPortrait UIInterfaceOrientationPortraitUpsideDown UIInterfaceOrientationLandscapeLeft UIInterfaceOrientationLandscapeRight";
				INFOPLIST_KEY_UISupportedInterfaceOrientations_iPhone = "UIInterfaceOrientationPortrait UIInterfaceOrientationLandscapeLeft UIInterfaceOrientationLandscapeRight";
				LD_RUNPATH_SEARCH_PATHS = (
					"$(inherited)",
					"@executable_path/Frameworks",
				);
				MARKETING_VERSION = 1.0;
				PRODUCT_BUNDLE_IDENTIFIER = com.DanielCazorro.AppPatronesDaniel;
				PRODUCT_NAME = "$(TARGET_NAME)";
				SWIFT_EMIT_LOC_STRINGS = YES;
				SWIFT_VERSION = 5.0;
				TARGETED_DEVICE_FAMILY = "1,2";
			};
			name = Release;
		};
/* End XCBuildConfiguration section */

/* Begin XCConfigurationList section */
		5D005ABF2ACD4988002E28AA /* Build configuration list for PBXProject "AppPatronesDaniel" */ = {
			isa = XCConfigurationList;
			buildConfigurations = (
				5D005AD62ACD4989002E28AA /* Debug */,
				5D005AD72ACD4989002E28AA /* Release */,
			);
			defaultConfigurationIsVisible = 0;
			defaultConfigurationName = Release;
		};
		5D005AD82ACD4989002E28AA /* Build configuration list for PBXNativeTarget "AppPatronesDaniel" */ = {
			isa = XCConfigurationList;
			buildConfigurations = (
				5D005AD92ACD4989002E28AA /* Debug */,
				5D005ADA2ACD4989002E28AA /* Release */,
			);
			defaultConfigurationIsVisible = 0;
			defaultConfigurationName = Release;
		};
/* End XCConfigurationList section */
	};
	rootObject = 5D005ABC2ACD4988002E28AA /* Project object */;
}
